version = 1
revision = 3
requires-python = ">=3.12.5"

[[package]]
name = "next-rush"
version = "0.1.0"
source = { virtual = "." }
dependencies = [
    { name = "sonolus-py" },
]

[package.dev-dependencies]
dev = [
    { name = "pyright" },
    { name = "ruff" },
]

[package.metadata]
requires-dist = [{ name = "sonolus-py", specifier = "~=1.2" }]

[package.metadata.requires-dev]
dev = [
    { name = "pyright" },
    { name = "ruff" },
]

[[package]]
name = "nodeenv"
version = "1.10.0"
source = { registry = "https://pypi.org/simple" }
sdist = { url = "https://files.pythonhosted.org/packages/24/bf/d1bda4f6168e0b2e9e5958945e01910052158313224ada5ce1fb2e1113b8/nodeenv-1.10.0.tar.gz", hash = "sha256:996c191ad80897d076bdfba80a41994c2b47c68e224c542b48feba42ba00f8bb", size = 55611, upload-time = "2025-12-20T14:08:54.006Z" }
wheels = [
    { url = "https://files.pythonhosted.org/packages/88/b2/d0896bdcdc8d28a7fc5717c305f1a861c26e18c05047949fb371034d98bd/nodeenv-1.10.0-py2.py3-none-any.whl", hash = "sha256:5bb13e3eed2923615535339b3c620e76779af4cb4c6a90deccc9e36b274d3827", size = 23438, upload-time = "2025-12-20T14:08:52.782Z" },
]

[[package]]
name = "pyright"
version = "1.1.408"
source = { registry = "https://pypi.org/simple" }
dependencies = [
    { name = "nodeenv" },
    { name = "typing-extensions" },
]
sdist = { url = "https://files.pythonhosted.org/packages/74/b2/5db700e52554b8f025faa9c3c624c59f1f6c8841ba81ab97641b54322f16/pyright-1.1.408.tar.gz", hash = "sha256:f28f2321f96852fa50b5829ea492f6adb0e6954568d1caa3f3af3a5f555eb684", size = 4400578, upload-time = "2026-01-08T08:07:38.795Z" }
wheels = [
    { url = "https://files.pythonhosted.org/packages/0c/82/a2c93e32800940d9573fb28c346772a14778b84ba7524e691b324620ab89/pyright-1.1.408-py3-none-any.whl", hash = "sha256:090b32865f4fdb1e0e6cd82bf5618480d48eecd2eb2e70f960982a3d9a4c17c1", size = 6399144, upload-time = "2026-01-08T08:07:37.082Z" },
]

[[package]]
name = "ruff"
version = "0.14.13"
source = { registry = "https://pypi.org/simple" }
sdist = { url = "https://files.pythonhosted.org/packages/50/0a/1914efb7903174b381ee2ffeebb4253e729de57f114e63595114c8ca451f/ruff-0.14.13.tar.gz", hash = "sha256:83cd6c0763190784b99650a20fec7633c59f6ebe41c5cc9d45ee42749563ad47", size = 6059504, upload-time = "2026-01-15T20:15:16.918Z" }
wheels = [
    { url = "https://files.pythonhosted.org/packages/c3/ae/0deefbc65ca74b0ab1fd3917f94dc3b398233346a74b8bbb0a916a1a6bf6/ruff-0.14.13-py3-none-linux_armv6l.whl", hash = "sha256:76f62c62cd37c276cb03a275b198c7c15bd1d60c989f944db08a8c1c2dbec18b", size = 13062418, upload-time = "2026-01-15T20:14:50.779Z" },
    { url = "https://files.pythonhosted.org/packages/47/df/5916604faa530a97a3c154c62a81cb6b735c0cb05d1e26d5ad0f0c8ac48a/ruff-0.14.13-py3-none-macosx_10_12_x86_64.whl", hash = "sha256:914a8023ece0528d5cc33f5a684f5f38199bbb566a04815c2c211d8f40b5d0ed", size = 13442344, upload-time = "2026-01-15T20:15:07.94Z" },
    { url = "https://files.pythonhosted.org/packages/4c/f3/e0e694dd69163c3a1671e102aa574a50357536f18a33375050334d5cd517/ruff-0.14.13-py3-none-macosx_11_0_arm64.whl", hash = "sha256:d24899478c35ebfa730597a4a775d430ad0d5631b8647a3ab368c29b7e7bd063", size = 12354720, upload-time = "2026-01-15T20:15:09.854Z" },
    { url = "https://files.pythonhosted.org/packages/c3/e8/67f5fcbbaee25e8fc3b56cc33e9892eca7ffe09f773c8e5907757a7e3bdb/ruff-0.14.13-py3-none-manylinux_2_17_aarch64.manylinux2014_aarch64.whl", hash = "sha256:9aaf3870f14d925bbaf18b8a2347ee0ae7d95a2e490e4d4aea6813ed15ebc80e", size = 12774493, upload-time = "2026-01-15T20:15:20.908Z" },
    { url = "https://files.pythonhosted.org/packages/6b/ce/d2e9cb510870b52a9565d885c0d7668cc050e30fa2c8ac3fb1fda15c083d/ruff-0.14.13-py3-none-manylinux_2_17_armv7l.manylinux2014_armv7l.whl", hash = "sha256:ac5b7f63dd3b27cc811850f5ffd8fff845b00ad70e60b043aabf8d6ecc304e09", size = 12815174, upload-time = "2026-01-15T20:15:05.74Z" },
    { url = "https://files.pythonhosted.org/packages/88/00/c38e5da58beebcf4fa32d0ddd993b63dfacefd02ab7922614231330845bf/ruff-0.14.13-py3-none-manylinux_2_17_i686.manylinux2014_i686.whl", hash = "sha256:78d2b1097750d90ba82ce4ba676e85230a0ed694178ca5e61aa9b459970b3eb9", size = 13680909, upload-time = "2026-01-15T20:15:14.537Z" },
    { url = "https://files.pythonhosted.org/packages/61/61/cd37c9dd5bd0a3099ba79b2a5899ad417d8f3b04038810b0501a80814fd7/ruff-0.14.13-py3-none-manylinux_2_17_ppc64.manylinux2014_ppc64.whl", hash = "sha256:7d0bf87705acbbcb8d4c24b2d77fbb73d40210a95c3903b443cd9e30824a5032", size = 15144215, upload-time = "2026-01-15T20:15:22.886Z" },
    { url = "https://files.pythonhosted.org/packages/56/8a/85502d7edbf98c2df7b8876f316c0157359165e16cdf98507c65c8d07d3d/ruff-0.14.13-py3-none-manylinux_2_17_ppc64le.manylinux2014_ppc64le.whl", hash = "sha256:a3eb5da8e2c9e9f13431032fdcbe7681de9ceda5835efee3269417c13f1fed5c", size = 14706067, upload-time = "2026-01-15T20:14:48.271Z" },
    { url = "https://files.pythonhosted.org/packages/7e/2f/de0df127feb2ee8c1e54354dc1179b4a23798f0866019528c938ba439aca/ruff-0.14.13-py3-none-manylinux_2_17_s390x.manylinux2014_s390x.whl", hash = "sha256:642442b42957093811cd8d2140dfadd19c7417030a7a68cf8d51fcdd5f217427", size = 14133916, upload-time = "2026-01-15T20:14:57.357Z" },
    { url = "https://files.pythonhosted.org/packages/0d/77/9b99686bb9fe07a757c82f6f95e555c7a47801a9305576a9c67e0a31d280/ruff-0.14.13-py3-none-manylinux_2_17_x86_64.manylinux2014_x86_64.whl", hash = "sha256:4acdf009f32b46f6e8864af19cbf6841eaaed8638e65c8dac845aea0d703c841", size = 13859207, upload-time = "2026-01-15T20:14:55.111Z" },
    { url = "https://files.pythonhosted.org/packages/7d/46/2bdcb34a87a179a4d23022d818c1c236cb40e477faf0d7c9afb6813e5876/ruff-0.14.13-py3-none-manylinux_2_31_riscv64.whl", hash = "sha256:591a7f68860ea4e003917d19b5c4f5ac39ff558f162dc753a2c5de897fd5502c", size = 14043686, upload-time = "2026-01-15T20:14:52.841Z" },
    { url = "https://files.pythonhosted.org/packages/1a/a9/5c6a4f56a0512c691cf143371bcf60505ed0f0860f24a85da8bd123b2bf1/ruff-0.14.13-py3-none-musllinux_1_2_aarch64.whl", hash = "sha256:774c77e841cc6e046fc3e91623ce0903d1cd07e3a36b1a9fe79b81dab3de506b", size = 12663837, upload-time = "2026-01-15T20:15:18.921Z" },
    { url = "https://files.pythonhosted.org/packages/fe/bb/b920016ece7651fa7fcd335d9d199306665486694d4361547ccb19394c44/ruff-0.14.13-py3-none-musllinux_1_2_armv7l.whl", hash = "sha256:61f4e40077a1248436772bb6512db5fc4457fe4c49e7a94ea7c5088655dd21ae", size = 12805867, upload-time = "2026-01-15T20:14:59.272Z" },
    { url = "https://files.pythonhosted.org/packages/7d/b3/0bd909851e5696cd21e32a8fc25727e5f58f1934b3596975503e6e85415c/ruff-0.14.13-py3-none-musllinux_1_2_i686.whl", hash = "sha256:6d02f1428357fae9e98ac7aa94b7e966fd24151088510d32cf6f902d6c09235e", size = 13208528, upload-time = "2026-01-15T20:15:03.732Z" },
    { url = "https://files.pythonhosted.org/packages/3b/3b/e2d94cb613f6bbd5155a75cbe072813756363eba46a3f2177a1fcd0cd670/ruff-0.14.13-py3-none-musllinux_1_2_x86_64.whl", hash = "sha256:e399341472ce15237be0c0ae5fbceca4b04cd9bebab1a2b2c979e015455d8f0c", size = 13929242, upload-time = "2026-01-15T20:15:11.918Z" },
    { url = "https://files.pythonhosted.org/packages/6a/c5/abd840d4132fd51a12f594934af5eba1d5d27298a6f5b5d6c3be45301caf/ruff-0.14.13-py3-none-win32.whl", hash = "sha256:ef720f529aec113968b45dfdb838ac8934e519711da53a0456038a0efecbd680", size = 12919024, upload-time = "2026-01-15T20:14:43.647Z" },
    { url = "https://files.pythonhosted.org/packages/c2/55/6384b0b8ce731b6e2ade2b5449bf07c0e4c31e8a2e68ea65b3bafadcecc5/ruff-0.14.13-py3-none-win_amd64.whl", hash = "sha256:6070bd026e409734b9257e03e3ef18c6e1a216f0435c6751d7a8ec69cb59abef", size = 14097887, upload-time = "2026-01-15T20:15:01.48Z" },
    { url = "https://files.pythonhosted.org/packages/4d/e1/7348090988095e4e39560cfc2f7555b1b2a7357deba19167b600fdf5215d/ruff-0.14.13-py3-none-win_arm64.whl", hash = "sha256:7ab819e14f1ad9fe39f246cfcc435880ef7a9390d81a2b6ac7e01039083dd247", size = 13080224, upload-time = "2026-01-15T20:14:45.853Z" },
]

[[package]]
name = "sonolus-py"
version = "1.2.0"
source = { registry = "https://pypi.org/simple" }
sdist = { url = "https://files.pythonhosted.org/packages/63/af/a0825144967119c6232abdb85b5c684d5b45894324cf811980334ed12dda/sonolus_py-1.2.0.tar.gz", hash = "sha256:4e48e1b6846cb5781479876829400a2ee902961d7288ad7f76c3cb162e316594", size = 347569, upload-time = "2026-08-28T21:37:12.58Z" }
wheels = [
    { url = "https://files.pythonhosted.org/packages/69/5a/968468c2c820b9a7900ebe0ee7090a7ed4a1c1cd5ec975eb72b1c7d00260/sonolus_py-1.2.0-cp312-cp312-macosx_11_0_arm64.whl", hash = "sha256:97d002b8d7358e5a75361f98faf40a0dd98d9e90b91c0350b321f033b79a1c20", size = 977642, upload-time = "2026-08-28T21:36:37.217Z" },
    { url = "https://files.pythonhosted.org/packages/88/a4/f4f186bc9e0c8616f02f510d1eab5a031881d75d9d4558dcdca7718ed977/sonolus_py-1.2.0-cp312-cp312-manylinux2014_aarch64.manylinux_2_17_aarch64.manylinux_2_28_aarch64.whl", hash = "sha256:3d8010017e1ade54c93b897adc059aae3e5589497e242cd91a3ae25452067356", size = 5111857, upload-time = "2026-08-28T21:36:39.455Z" },
    { url = "https://files.pythonhosted.org/packages/82/05/3b3addc84ba690ebbc247aeb0d02ccc41912014fd80e76196f586dc50f8b/sonolus_py-1.2.0-cp312-cp312-manylinux2014_x86_64.manylinux_2_17_x86_64.manylinux_2_28_x86_64.whl", hash = "sha256:860dbc36143ea8b08d25f1720a4573a60e186e2814590d0e7f099a5c76e92c6c", size = 5232701, upload-time = "2026-08-28T21:36:41.636Z" },
    { url = "https://files.pythonhosted.org/packages/10/d1/7d810f640a8df006869e6cfa9b412f5c6d95b41261a9b363e38fd25311d0/sonolus_py-1.2.0-cp312-cp312-musllinux_1_2_aarch64.whl", hash = "sha256:def5538d24d9ebdad500eebdf508ca3f81882f21c50a6daecdfbc4234f076ffb", size = 5093028, upload-time = "2026-08-28T21:36:43.514Z" },
    { url = "https://files.pythonhosted.org/packages/d7/60/00408be7b3876d5983a331d1019ea31ca5adbb1adfe8127d601c5e9279e6/sonolus_py-1.2.0-cp312-cp312-musllinux_1_2_x86_64.whl", hash = "sha256:a7686cfb3c2f8762e41f3c5247c5c70337413140a0e3dba699c493d3ca9dd824", size = 5216427, upload-time = "2026-08-28T21:36:45.248Z" },
    { url = "https://files.pythonhosted.org/packages/3d/cd/523f94cb9aa7f0cbcad6508bd0db5dcb03301891f09934542e8270e3084a/sonolus_py-1.2.0-cp312-cp312-win_amd64.whl", hash = "sha256:d55f47e2e69d72911b90ce55dbef03be58b9bd58f6b8e800998d1f29146b7de7", size = 882746, upload-time = "2026-08-28T21:36:46.809Z" },
    { url = "https://files.pythonhosted.org/packages/e3/d0/880b9f318b3b3fdf3fdabe5296e3bef8832f3c52daa6fa70e4e2ce42e1a1/sonolus_py-1.2.0-cp312-cp312-win_arm64.whl", hash = "sha256:6ee7fcf80e8a03653083a83e607dcbf66ce39f825cd9a7817f67e357a8e77dd5", size = 791069, upload-time = "2026-08-28T21:36:48.238Z" },
    { url = "https://files.pythonhosted.org/packages/ca/4e/cd8bfc4b44dddcb134dc153a327f8a4cbed0d90287a5861434ee36bc05ce/sonolus_py-1.2.0-cp313-cp313-macosx_11_0_arm64.whl", hash = "sha256:c172c20074f6f5373673cfea9030401a1a771490c2149110542b64dd78778424", size = 1001656, upload-time = "2026-08-28T21:36:49.837Z" },
    { url = "https://files.pythonhosted.org/packages/10/fd/4d65a667a59387b64caa1c42968c7021be798b45757f8bf4ad4726b344f5/sonolus_py-1.2.0-cp313-cp313-manylinux2014_aarch64.manylinux_2_17_aarch64.manylinux_2_28_aarch64.whl", hash = "sha256:95361004357ce0d9cad97e2bd7317ce889f3e89e7510f8e7426f8dc9c32a2812", size = 5067140, upload-time = "2026-08-28T21:36:51.236Z" },
    { url = "https://files.pythonhosted.org/packages/aa/92/6f0f668eb936bc51af5ce3489a27cab3f041461426203165d6e60504d24e/sonolus_py-1.2.0-cp313-cp313-manylinux2014_x86_64.manylinux_2_17_x86_64.manylinux_2_28_x86_64.whl", hash = "sha256:597f8fe702ec6a9c74543861f00685a60a7459b5991d7e498d814f211a137b9d", size = 5182089, upload-time = "2026-08-28T21:36:52.8Z" },
    { url = "https://files.pythonhosted.org/packages/93/b2/192783d9520eccbe305608ab380ac8994da2d7660585f764af3f9dcf9b6a/sonolus_py-1.2.0-cp313-cp313-musllinux_1_2_aarch64.whl", hash = "sha256:5ad5b499cb60c8c7110fbb5c430d567aabc3a425d0090990d8700440c9896167", size = 5050403, upload-time = "2026-08-28T21:36:54.629Z" },
    { url = "https://files.pythonhosted.org/packages/8a/6e/da78ed8e2d66a72fc8679e31bcefff518c5e763d88affc567eada17f8336/sonolus_py-1.2.0-cp313-cp313-musllinux_1_2_x86_64.whl", hash = "sha256:6db3f58ab6c9e86fa727f671fa8b4f4c51f8b90e6a80237e10ea75692a96698c", size = 5169800, upload-time = "2026-08-28T21:36:56.251Z" },
    { url = "https://files.pythonhosted.org/packages/ae/07/fb0f605de91e7b15100454ab65c9f68a51c7aa58f5bf4fd4997f0cc26ed8/sonolus_py-1.2.0-cp313-cp313-win_amd64.whl", hash = "sha256:1e496807b5549cba79005076ece058c05cfea03a41f3dd689e0ee0f7fc3519d8", size = 878698, upload-time = "2026-08-28T21:36:57.734Z" },
    { url = "https://files.pythonhosted.org/packages/03/5b/57f0acc0bc14ab8be924c01eee1036b785bf2e83424e7d9063ae9d2e8345/sonolus_py-1.2.0-cp313-cp313-win_arm64.whl", hash = "sha256:f94dad873379b3393944388e3d6592c91f099ea15b7e8ec2c146b107866e3cec", size = 788783, upload-time = "2026-08-28T21:36:59.51Z" },
    { url = "https://files.pythonhosted.org/packages/50/1e/a50e9e4b6a81cda602db6ab770d766278f0265353bcae251d1bae4a60cda/sonolus_py-1.2.0-cp314-cp314-macosx_11_0_arm64.whl", hash = "sha256:2b4785f7e437b73f11057a2c290e44741d38c813c4664ede4561cd8d8346b272", size = 1010630, upload-time = "2026-08-28T21:37:00.771Z" },
    { url = "https://files.pythonhosted.org/packages/0c/d0/cdcfdc8a663632d5b613b86ee78b09cb108e197cd1052b0e01085edc3d8e/sonolus_py-1.2.0-cp314-cp314-manylinux2014_aarch64.manylinux_2_17_aarch64.manylinux_2_28_aarch64.whl", hash = "sha256:10110fb4e0b5c1fc70a736d138f0f35d9d49cdb2467ed19cecb0ce21aabbfdfb", size = 5071787, upload-time = "2026-08-28T21:37:02.447Z" },
    { url = "https://files.pythonhosted.org/packages/87/44/b8eeadc310e4260bdfef626a4521f9b178dde292ebf559bff0b6f1180777/sonolus_py-1.2.0-cp314-cp314-manylinux2014_x86_64.manylinux_2_17_x86_64.manylinux_2_28_x86_64.whl", hash = "sha256:5c76696cef711cc676b1dc9924c057566dc35872cf171397c28acdd4bc73b62c", size = 5129129, upload-time = "2026-08-28T21:37:04.275Z" },
    { url = "https://files.pythonhosted.org/packages/a8/44/59121e18ad93a75d55d53faee9245196e2b19456ccd5cef9703decc9b5e8/sonolus_py-1.2.0-cp314-cp314-musllinux_1_2_aarch64.whl", hash = "sha256:e909563fe3e35ce30574861859f677ff749f24fd2a32a628ae70c123ac50fdfd", size = 5056644, upload-time = "2026-08-28T21:37:06.209Z" },
    { url = "https://files.pythonhosted.org/packages/20/51/a79a1147bbad288fc02fb70d7a629b03d4f55ef878f12690ff725223515d/sonolus_py-1.2.0-cp314-cp314-musllinux_1_2_x86_64.whl", hash = "sha256:2a766a16df5cd224078a275e65d72fb475e7ef03e431a5b5887f6e9db0ea7d4f", size = 5128886, upload-time = "2026-08-28T21:37:08.097Z" },
    { url = "https://files.pythonhosted.org/packages/05/7b/afcf0db03547369e6c814490f951b67b8986893912a40ff71fa3cf23b7dd/sonolus_py-1.2.0-cp314-cp314-win_amd64.whl", hash = "sha256:eece746071a7701ba7632e777bc04de0134dd5d8f5f496a1a1b1887268ef0af3", size = 894065, upload-time = "2026-08-28T21:37:09.564Z" },
    { url = "https://files.pythonhosted.org/packages/9c/86/e8ad83ac5517529b1c07bf498243138c3260595b7e138a2ccef5d40deda7/sonolus_py-1.2.0-cp314-cp314-win_arm64.whl", hash = "sha256:a1b4d0c3b95fe0d7fba192c4d6cabd8806dde0d33f5ee07b20fd869cc9e260cc", size = 811632, upload-time = "2026-08-28T21:37:10.856Z" },
]

[[package]]
name = "typing-extensions"
version = "4.15.0"
source = { registry = "https://pypi.org/simple" }
sdist = { url = "https://files.pythonhosted.org/packages/72/94/1a15dd82efb362ac84269196e94cf00f187f7ed21c242792a923cdb1c61f/typing_extensions-4.15.0.tar.gz", hash = "sha256:0cea48d173cc12fa28ecabc3b837ea3cf6f38c6d1136f85cbaaf598984861466", size = 109391, upload-time = "2025-08-25T13:49:26.313Z" }
wheels = [
    { url = "https://files.pythonhosted.org/packages/18/67/36e9267722cc04a6b9f15c7f3441c2363321a3ea07da7ae0c0707beb2a9c/typing_extensions-4.15.0-py3-none-any.whl", hash = "sha256:f0fa19c6845758ab08074a0cfa8b7aecb71c999ca73d62883bc25cc018c4e548", size = 44614, upload-time = "2025-08-25T13:49:24.86Z" },
]
