version = 1
revision = 3
requires-python = ">=3.12.5"

[[package]]
name = "next-rush"
version = "0.1.0"
source = { virtual = "." }
dependencies = [
    { name = "sonolus-py" },
]

[package.dev-dependencies]
dev = [
    { name = "pyright" },
    { name = "ruff" },
]

[package.metadata]
requires-dist = [{ name = "sonolus-py", specifier = "~=0.19.2" }]

[package.metadata.requires-dev]
dev = [
    { name = "pyright" },
    { name = "ruff" },
]

[[package]]
name = "nodeenv"
version = "1.10.0"
source = { registry = "https://pypi.org/simple" }
sdist = { url = "https://files.pythonhosted.org/packages/24/bf/d1bda4f6168e0b2e9e5958945e01910052158313224ada5ce1fb2e1113b8/nodeenv-1.10.0.tar.gz", hash = "sha256:996c191ad80897d076bdfba80a41994c2b47c68e224c542b48feba42ba00f8bb", size = 55611, upload-time = "2025-12-20T14:08:54.006Z" }
wheels = [
    { url = "https://files.pythonhosted.org/packages/88/b2/d0896bdcdc8d28a7fc5717c305f1a861c26e18c05047949fb371034d98bd/nodeenv-1.10.0-py2.py3-none-any.whl", hash = "sha256:5bb13e3eed2923615535339b3c620e76779af4cb4c6a90deccc9e36b274d3827", size = 23438, upload-time = "2025-12-20T14:08:52.782Z" },
]

[[package]]
name = "pyright"
version = "1.1.408"
source = { registry = "https://pypi.org/simple" }
dependencies = [
    { name = "nodeenv" },
    { name = "typing-extensions" },
]
sdist = { url = "https://files.pythonhosted.org/packages/74/b2/5db700e52554b8f025faa9c3c624c59f1f6c8841ba81ab97641b54322f16/pyright-1.1.408.tar.gz", hash = "sha256:f28f2321f96852fa50b5829ea492f6adb0e6954568d1caa3f3af3a5f555eb684", size = 4400578, upload-time = "2026-01-08T08:07:38.795Z" }
wheels = [
    { url = "https://files.pythonhosted.org/packages/0c/82/a2c93e32800940d9573fb28c346772a14778b84ba7524e691b324620ab89/pyright-1.1.408-py3-none-any.whl", hash = "sha256:090b32865f4fdb1e0e6cd82bf5618480d48eecd2eb2e70f960982a3d9a4c17c1", size = 6399144, upload-time = "2026-01-08T08:07:37.082Z" },
]

[[package]]
name = "ruff"
version = "0.14.13"
source = { registry = "https://pypi.org/simple" }
sdist = { url = "https://files.pythonhosted.org/packages/50/0a/1914efb7903174b381ee2ffeebb4253e729de57f114e63595114c8ca451f/ruff-0.14.13.tar.gz", hash = "sha256:83cd6c0763190784b99650a20fec7633c59f6ebe41c5cc9d45ee42749563ad47", size = 6059504, upload-time = "2026-01-15T20:15:16.918Z" }
wheels = [
    { url = "https://files.pythonhosted.org/packages/c3/ae/0deefbc65ca74b0ab1fd3917f94dc3b398233346a74b8bbb0a916a1a6bf6/ruff-0.14.13-py3-none-linux_armv6l.whl", hash = "sha256:76f62c62cd37c276cb03a275b198c7c15bd1d60c989f944db08a8c1c2dbec18b", size = 13062418, upload-time = "2026-01-15T20:14:50.779Z" },
    { url = "https://files.pythonhosted.org/packages/47/df/5916604faa530a97a3c154c62a81cb6b735c0cb05d1e26d5ad0f0c8ac48a/ruff-0.14.13-py3-none-macosx_10_12_x86_64.whl", hash = "sha256:914a8023ece0528d5cc33f5a684f5f38199bbb566a04815c2c211d8f40b5d0ed", size = 13442344, upload-time = "2026-01-15T20:15:07.94Z" },
    { url = "https://files.pythonhosted.org/packages/4c/f3/e0e694dd69163c3a1671e102aa574a50357536f18a33375050334d5cd517/ruff-0.14.13-py3-none-macosx_11_0_arm64.whl", hash = "sha256:d24899478c35ebfa730597a4a775d430ad0d5631b8647a3ab368c29b7e7bd063", size = 12354720, upload-time = "2026-01-15T20:15:09.854Z" },
    { url = "https://files.pythonhosted.org/packages/c3/e8/67f5fcbbaee25e8fc3b56cc33e9892eca7ffe09f773c8e5907757a7e3bdb/ruff-0.14.13-py3-none-manylinux_2_17_aarch64.manylinux2014_aarch64.whl", hash = "sha256:9aaf3870f14d925bbaf18b8a2347ee0ae7d95a2e490e4d4aea6813ed15ebc80e", size = 12774493, upload-time = "2026-01-15T20:15:20.908Z" },
    { url = "https://files.pythonhosted.org/packages/6b/ce/d2e9cb510870b52a9565d885c0d7668cc050e30fa2c8ac3fb1fda15c083d/ruff-0.14.13-py3-none-manylinux_2_17_armv7l.manylinux2014_armv7l.whl", hash = "sha256:ac5b7f63dd3b27cc811850f5ffd8fff845b00ad70e60b043aabf8d6ecc304e09", size = 12815174, upload-time = "2026-01-15T20:15:05.74Z" },
    { url = "https://files.pythonhosted.org/packages/88/00/c38e5da58beebcf4fa32d0ddd993b63dfacefd02ab7922614231330845bf/ruff-0.14.13-py3-none-manylinux_2_17_i686.manylinux2014_i686.whl", hash = "sha256:78d2b1097750d90ba82ce4ba676e85230a0ed694178ca5e61aa9b459970b3eb9", size = 13680909, upload-time = "2026-01-15T20:15:14.537Z" },
    { url = "https://files.pythonhosted.org/packages/61/61/cd37c9dd5bd0a3099ba79b2a5899ad417d8f3b04038810b0501a80814fd7/ruff-0.14.13-py3-none-manylinux_2_17_ppc64.manylinux2014_ppc64.whl", hash = "sha256:7d0bf87705acbbcb8d4c24b2d77fbb73d40210a95c3903b443cd9e30824a5032", size = 15144215, upload-time = "2026-01-15T20:15:22.886Z" },
    { url = "https://files.pythonhosted.org/packages/56/8a/85502d7edbf98c2df7b8876f316c0157359165e16cdf98507c65c8d07d3d/ruff-0.14.13-py3-none-manylinux_2_17_ppc64le.manylinux2014_ppc64le.whl", hash = "sha256:a3eb5da8e2c9e9f13431032fdcbe7681de9ceda5835efee3269417c13f1fed5c", size = 14706067, upload-time = "2026-01-15T20:14:48.271Z" },
    { url = "https://files.pythonhosted.org/packages/7e/2f/de0df127feb2ee8c1e54354dc1179b4a23798f0866019528c938ba439aca/ruff-0.14.13-py3-none-manylinux_2_17_s390x.manylinux2014_s390x.whl", hash = "sha256:642442b42957093811cd8d2140dfadd19c7417030a7a68cf8d51fcdd5f217427", size = 14133916, upload-time = "2026-01-15T20:14:57.357Z" },
    { url = "https://files.pythonhosted.org/packages/0d/77/9b99686bb9fe07a757c82f6f95e555c7a47801a9305576a9c67e0a31d280/ruff-0.14.13-py3-none-manylinux_2_17_x86_64.manylinux2014_x86_64.whl", hash = "sha256:4acdf009f32b46f6e8864af19cbf6841eaaed8638e65c8dac845aea0d703c841", size = 13859207, upload-time = "2026-01-15T20:14:55.111Z" },
    { url = "https://files.pythonhosted.org/packages/7d/46/2bdcb34a87a179a4d23022d818c1c236cb40e477faf0d7c9afb6813e5876/ruff-0.14.13-py3-none-manylinux_2_31_riscv64.whl", hash = "sha256:591a7f68860ea4e003917d19b5c4f5ac39ff558f162dc753a2c5de897fd5502c", size = 14043686, upload-time = "2026-01-15T20:14:52.841Z" },
    { url = "https://files.pythonhosted.org/packages/1a/a9/5c6a4f56a0512c691cf143371bcf60505ed0f0860f24a85da8bd123b2bf1/ruff-0.14.13-py3-none-musllinux_1_2_aarch64.whl", hash = "sha256:774c77e841cc6e046fc3e91623ce0903d1cd07e3a36b1a9fe79b81dab3de506b", size = 12663837, upload-time = "2026-01-15T20:15:18.921Z" },
    { url = "https://files.pythonhosted.org/packages/fe/bb/b920016ece7651fa7fcd335d9d199306665486694d4361547ccb19394c44/ruff-0.14.13-py3-none-musllinux_1_2_armv7l.whl", hash = "sha256:61f4e40077a1248436772bb6512db5fc4457fe4c49e7a94ea7c5088655dd21ae", size = 12805867, upload-time = "2026-01-15T20:14:59.272Z" },
    { url = "https://files.pythonhosted.org/packages/7d/b3/0bd909851e5696cd21e32a8fc25727e5f58f1934b3596975503e6e85415c/ruff-0.14.13-py3-none-musllinux_1_2_i686.whl", hash = "sha256:6d02f1428357fae9e98ac7aa94b7e966fd24151088510d32cf6f902d6c09235e", size = 13208528, upload-time = "2026-01-15T20:15:03.732Z" },
    { url = "https://files.pythonhosted.org/packages/3b/3b/e2d94cb613f6bbd5155a75cbe072813756363eba46a3f2177a1fcd0cd670/ruff-0.14.13-py3-none-musllinux_1_2_x86_64.whl", hash = "sha256:e399341472ce15237be0c0ae5fbceca4b04cd9bebab1a2b2c979e015455d8f0c", size = 13929242, upload-time = "2026-01-15T20:15:11.918Z" },
    { url = "https://files.pythonhosted.org/packages/6a/c5/abd840d4132fd51a12f594934af5eba1d5d27298a6f5b5d6c3be45301caf/ruff-0.14.13-py3-none-win32.whl", hash = "sha256:ef720f529aec113968b45dfdb838ac8934e519711da53a0456038a0efecbd680", size = 12919024, upload-time = "2026-01-15T20:14:43.647Z" },
    { url = "https://files.pythonhosted.org/packages/c2/55/6384b0b8ce731b6e2ade2b5449bf07c0e4c31e8a2e68ea65b3bafadcecc5/ruff-0.14.13-py3-none-win_amd64.whl", hash = "sha256:6070bd026e409734b9257e03e3ef18c6e1a216f0435c6751d7a8ec69cb59abef", size = 14097887, upload-time = "2026-01-15T20:15:01.48Z" },
    { url = "https://files.pythonhosted.org/packages/4d/e1/7348090988095e4e39560cfc2f7555b1b2a7357deba19167b600fdf5215d/ruff-0.14.13-py3-none-win_arm64.whl", hash = "sha256:7ab819e14f1ad9fe39f246cfcc435880ef7a9390d81a2b6ac7e01039083dd247", size = 13080224, upload-time = "2026-01-15T20:14:45.853Z" },
]

[[package]]
name = "sonolus-py"
version = "0.19.2"
source = { registry = "https://pypi.org/simple" }
sdist = { url = "https://files.pythonhosted.org/packages/eb/42/852c5af9d14b1c40f162dcc5c5b0df52d87931cf4996a58c5b781a57e8ef/sonolus_py-0.19.2.tar.gz", hash = "sha256:465f6eacd712c0e0560b2788b7ee89c971f62a0f2ed40eef61bb94752217aad4", size = 343874, upload-time = "2026-08-16T02:52:48.495Z" }
wheels = [
    { url = "https://files.pythonhosted.org/packages/33/69/97a8cf167ede10c2f1e5e7edea495e9b98971d16b25a317c69b10928c226/sonolus_py-0.19.2-cp312-cp312-macosx_11_0_arm64.whl", hash = "sha256:278ca7d569db7f5b46cf17a59a7937a71c88441a021759dfb0e979181bc160b9", size = 936757, upload-time = "2026-08-16T02:52:09.498Z" },
    { url = "https://files.pythonhosted.org/packages/76/0b/8be145ddadcdaaddaa8624d3a4b0672af5e06d0c6b0fb35002c91eb8e708/sonolus_py-0.19.2-cp312-cp312-manylinux2014_aarch64.manylinux_2_17_aarch64.manylinux_2_28_aarch64.whl", hash = "sha256:e33f928eeab4c79d9f65bf8071bdaa348e984dbe1c56ce8cda360612b510a8a6", size = 4889884, upload-time = "2026-08-16T02:52:11.356Z" },
    { url = "https://files.pythonhosted.org/packages/a4/84/7db9322ac25fc14715cfa69cf41468221cf837e428a8300c880f096e8f92/sonolus_py-0.19.2-cp312-cp312-manylinux2014_x86_64.manylinux_2_17_x86_64.manylinux_2_28_x86_64.whl", hash = "sha256:ffea92c35532f23974eb35f0eb7bef4f9964968eedfe0837c57024f0dcd00a9e", size = 5002496, upload-time = "2026-08-16T02:52:13.851Z" },
    { url = "https://files.pythonhosted.org/packages/09/22/db512dc943b4ddc73f85be27968a3b537e6d453ddbbd55c4361bc269129a/sonolus_py-0.19.2-cp312-cp312-musllinux_1_2_aarch64.whl", hash = "sha256:64c72c5553ec1a06074a97d58d683760e554b7c34d3ad0df56b525e4512089d0", size = 4859702, upload-time = "2026-08-16T02:52:15.399Z" },
    { url = "https://files.pythonhosted.org/packages/4c/48/52f8c2fbecbebd7d58b94edfa1be729724c6ceee0a95413681b80733e38f/sonolus_py-0.19.2-cp312-cp312-musllinux_1_2_x86_64.whl", hash = "sha256:7249e3b7f1f95d3b0770d827481aed63cc234ae45b9380cc28c6f3db2d98a72d", size = 4985701, upload-time = "2026-08-16T02:52:17.013Z" },
    { url = "https://files.pythonhosted.org/packages/2b/d7/6113fa2e212d48ee075b852d9632fa27c1d7e1b6838d73ba7bcf03a4204d/sonolus_py-0.19.2-cp312-cp312-win_amd64.whl", hash = "sha256:4871ada5abe8d2dc238915529d27274082e4c9ca6794c426c91d2a5f6637926b", size = 851206, upload-time = "2026-08-16T02:52:18.646Z" },
    { url = "https://files.pythonhosted.org/packages/3a/6f/a354de0e131cc8a9dd465659be4b86161810fb9a7fbd4af9614b602e11be/sonolus_py-0.19.2-cp312-cp312-win_arm64.whl", hash = "sha256:eb4800ebefbf012d1f08ebd37845daaeb6f6c321b03dc2d9b40722ccc50a976f", size = 762494, upload-time = "2026-08-16T02:52:20.314Z" },
    { url = "https://files.pythonhosted.org/packages/bc/62/70c4059fffb913af360d100f7c5805f60acd53628969a57d19e9369d13ec/sonolus_py-0.19.2-cp313-cp313-macosx_11_0_arm64.whl", hash = "sha256:0a1c265cd0b85fdd55ff813644ea1c260c0e13f38504be68e1e373fa39d0dabe", size = 933113, upload-time = "2026-08-16T02:52:21.872Z" },
    { url = "https://files.pythonhosted.org/packages/3e/d4/50442ddc6834f35a5b92574b41206cbd2813119f9068aa2325ccf8ab56c5/sonolus_py-0.19.2-cp313-cp313-manylinux2014_aarch64.manylinux_2_17_aarch64.manylinux_2_28_aarch64.whl", hash = "sha256:f1e7ae475bf8b1dae85d36029aba1426a10f82625f29d2a9d81efd9d1d5cf76e", size = 4834148, upload-time = "2026-08-16T02:52:23.43Z" },
    { url = "https://files.pythonhosted.org/packages/10/45/63ffa7d35a472fc9bbb5c0c1f858ed0accf5f55d43f0e6e5b3a261b901ce/sonolus_py-0.19.2-cp313-cp313-manylinux2014_x86_64.manylinux_2_17_x86_64.manylinux_2_28_x86_64.whl", hash = "sha256:7ecb2b735e5aa1bd60a4c49407cb2ffab28d965a15c6d8db45852f21b5430adb", size = 4949888, upload-time = "2026-08-16T02:52:25.387Z" },
    { url = "https://files.pythonhosted.org/packages/93/2b/dd1376203dd5b73f92ae3f106d7f32ee4265c94efae71749e6740c6eb6e1/sonolus_py-0.19.2-cp313-cp313-musllinux_1_2_aarch64.whl", hash = "sha256:b60314a40ecb378f5f46b8b53e22d2b4a5b9a83a918ec2e7f2a1892730d5697a", size = 4814501, upload-time = "2026-08-16T02:52:27.766Z" },
    { url = "https://files.pythonhosted.org/packages/16/6b/18ea6230038a6916904b330e925a50f5434a268704d3af71e5944be7b825/sonolus_py-0.19.2-cp313-cp313-musllinux_1_2_x86_64.whl", hash = "sha256:3e175402d2347b31f25fb19a53731542bd7d93d70437be5a100e8f87541d281b", size = 4929625, upload-time = "2026-08-16T02:52:30.675Z" },
    { url = "https://files.pythonhosted.org/packages/08/56/5ea7597004104b6760c316d74385bda43f73fc0af9a57f8e89db032f1640/sonolus_py-0.19.2-cp313-cp313-win_amd64.whl", hash = "sha256:fb946e26df1e44150b54af595357f0933135aaaa94451cc2a95c7b550caf1366", size = 846379, upload-time = "2026-08-16T02:52:32.635Z" },
    { url = "https://files.pythonhosted.org/packages/ba/77/2fe08294f403b611b2cd05bfd91857bebe1da886c7830e73c6fa4f69cb42/sonolus_py-0.19.2-cp313-cp313-win_arm64.whl", hash = "sha256:11d2c0d809b91636e32a780527d3f5a770c637b26cb25fd27a8e79e6864e5b82", size = 759011, upload-time = "2026-08-16T02:52:34.355Z" },
    { url = "https://files.pythonhosted.org/packages/72/74/ed75f7e5132cd7e5035ffc1a1a7c27ffc941b9155a0c4371dbdd7afc9356/sonolus_py-0.19.2-cp314-cp314-macosx_11_0_arm64.whl", hash = "sha256:e3e1827a4139feabc4e33b7c6671db2094b3dc101d4f2e29ab1aad95872b6b11", size = 938881, upload-time = "2026-08-16T02:52:35.811Z" },
    { url = "https://files.pythonhosted.org/packages/5c/22/af202d7d3f0a1b634a87a69e5ac3d9b870b9dbaa5d32368a3942e0bb9d2a/sonolus_py-0.19.2-cp314-cp314-manylinux2014_aarch64.manylinux_2_17_aarch64.manylinux_2_28_aarch64.whl", hash = "sha256:bb32b6b0cf22d489a6e92e38732d9b96f3ba673eed5e78db9e633df28b01dc30", size = 4841401, upload-time = "2026-08-16T02:52:37.4Z" },
    { url = "https://files.pythonhosted.org/packages/b9/3e/e1ac65c807da0e01ef0182dbf430e91ae1e083c746cfe5c41b24ce0d5889/sonolus_py-0.19.2-cp314-cp314-manylinux2014_x86_64.manylinux_2_17_x86_64.manylinux_2_28_x86_64.whl", hash = "sha256:ea469825e951ff14868199118bdf2fcee548bc9083065a6e9687fdd0fa915a1d", size = 4907687, upload-time = "2026-08-16T02:52:39.618Z" },
    { url = "https://files.pythonhosted.org/packages/09/d6/19a5bb4090bfbf4b8cc621cdf51f7bc389b7609ed4f6dbadad150cebd5d7/sonolus_py-0.19.2-cp314-cp314-musllinux_1_2_aarch64.whl", hash = "sha256:7090733dec7b5256d0cebbe17c634375a6bb7d0a851ca2ee0ed3bad49314e552", size = 4828661, upload-time = "2026-08-16T02:52:41.476Z" },
    { url = "https://files.pythonhosted.org/packages/e5/ec/24dcae28cff35bfa6608f7fa38162988eb331f8bd7024471b826a8d5436c/sonolus_py-0.19.2-cp314-cp314-musllinux_1_2_x86_64.whl", hash = "sha256:c51d8215f34cde17c8c07ff91ba755670d06817a2db9756a01b756a28275f5db", size = 4895997, upload-time = "2026-08-16T02:52:43.599Z" },
    { url = "https://files.pythonhosted.org/packages/1b/7f/6503a4cde7fa1a6649cc9c65b9f7fa63fcbaf5c7f043e582e17c96aa8702/sonolus_py-0.19.2-cp314-cp314-win_amd64.whl", hash = "sha256:5b7ea7912cf82066f3cc842d49377aae63c6e646563fee7c22e0651895f51161", size = 863366, upload-time = "2026-08-16T02:52:45.712Z" },
    { url = "https://files.pythonhosted.org/packages/c7/4d/e7ed4e87357e12b4ebff0dab853130317cb8ad00662b16fab64e0e78512f/sonolus_py-0.19.2-cp314-cp314-win_arm64.whl", hash = "sha256:d50a726e5ef735f3c1034fb1b65caf1a8a5f84cb0931d66566a04cd727f5a4c7", size = 780050, upload-time = "2026-08-16T02:52:47.059Z" },
]

[[package]]
name = "typing-extensions"
version = "4.15.0"
source = { registry = "https://pypi.org/simple" }
sdist = { url = "https://files.pythonhosted.org/packages/72/94/1a15dd82efb362ac84269196e94cf00f187f7ed21c242792a923cdb1c61f/typing_extensions-4.15.0.tar.gz", hash = "sha256:0cea48d173cc12fa28ecabc3b837ea3cf6f38c6d1136f85cbaaf598984861466", size = 109391, upload-time = "2025-08-25T13:49:26.313Z" }
wheels = [
    { url = "https://files.pythonhosted.org/packages/18/67/36e9267722cc04a6b9f15c7f3441c2363321a3ea07da7ae0c0707beb2a9c/typing_extensions-4.15.0-py3-none-any.whl", hash = "sha256:f0fa19c6845758ab08074a0cfa8b7aecb71c999ca73d62883bc25cc018c4e548", size = 44614, upload-time = "2025-08-25T13:49:24.86Z" },
]
